
Microsoft Visual Studio Solution File, Format Version 12.00
# Visual Studio 14
VisualStudioVersion = 14.0.24720.0
MinimumVisualStudioVersion = 10.0.40219.1
Project("{FAE04EC0-301F-11D3-BF4B-00C04F79EFBC}") = "QB.WindowApplication", "QB.WindowApplication\QB.WindowApplication.csproj", "{A1F534B6-B7E2-4247-8FF0-9F2E79649E47}"
EndProject
Project("{FAE04EC0-301F-11D3-BF4B-00C04F79EFBC}") = "QB.DAL", "QB.DataAccess\QB.DAL.csproj", "{9532CA19-27AA-40AD-918B-5B8CE92988D7}"
EndProject
Global
	GlobalSection(SolutionConfigurationPlatforms) = preSolution
		Debug|Any CPU = Debug|Any CPU
		Release|Any CPU = Release|Any CPU
	EndGlobalSection
	GlobalSection(ProjectConfigurationPlatforms) = postSolution
		{A1F534B6-B7E2-4247-8FF0-9F2E79649E47}.Debug|Any CPU.ActiveCfg = Debug|Any CPU
		{A1F534B6-B7E2-4247-8FF0-9F2E79649E47}.Debug|Any CPU.Build.0 = Debug|Any CPU
		{A1F534B6-B7E2-4247-8FF0-9F2E79649E47}.Release|Any CPU.ActiveCfg = Release|Any CPU
		{A1F534B6-B7E2-4247-8FF0-9F2E79649E47}.Release|Any CPU.Build.0 = Release|Any CPU
		{9532CA19-27AA-40AD-918B-5B8CE92988D7}.Debug|Any CPU.ActiveCfg = Debug|Any CPU
		{9532CA19-27AA-40AD-918B-5B8CE92988D7}.Debug|Any CPU.Build.0 = Debug|Any CPU
		{9532CA19-27AA-40AD-918B-5B8CE92988D7}.Release|Any CPU.ActiveCfg = Release|Any CPU
		{9532CA19-27AA-40AD-918B-5B8CE92988D7}.Release|Any CPU.Build.0 = Release|Any CPU
	EndGlobalSection
	GlobalSection(SolutionProperties) = preSolution
		HideSolutionNode = FALSE
	EndGlobalSection
EndGlobal
